
Microsoft Visual Studio Solution File, Format Version 12.00
# Visual Studio Version 17
VisualStudioVersion = 17.2.32616.157
MinimumVisualStudioVersion = 10.0.40219.1
Project("{FAE04EC0-301F-11D3-BF4B-00C04F79EFBC}") = "Control_Oficios", "Control_Oficios\Control_Oficios.csproj", "{D4A3408C-3D75-4145-BF5A-CE275F7B4CFA}"
EndProject
Global
	GlobalSection(SolutionConfigurationPlatforms) = preSolution
		Debug|Any CPU = Debug|Any CPU
		Release|Any CPU = Release|Any CPU
	EndGlobalSection
	GlobalSection(ProjectConfigurationPlatforms) = postSolution
		{D4A3408C-3D75-4145-BF5A-CE275F7B4CFA}.Debug|Any CPU.ActiveCfg = Debug|Any CPU
		{D4A3408C-3D75-4145-BF5A-CE275F7B4CFA}.Debug|Any CPU.Build.0 = Debug|Any CPU
		{D4A3408C-3D75-4145-BF5A-CE275F7B4CFA}.Release|Any CPU.ActiveCfg = Release|Any CPU
		{D4A3408C-3D75-4145-BF5A-CE275F7B4CFA}.Release|Any CPU.Build.0 = Release|Any CPU
	EndGlobalSection
	GlobalSection(SolutionProperties) = preSolution
		HideSolutionNode = FALSE
	EndGlobalSection
	GlobalSection(ExtensibilityGlobals) = postSolution
		SolutionGuid = {71B01BE2-FCB5-4524-8250-884391DC9C35}
	EndGlobalSection
EndGlobal
